
Microsoft Visual Studio Solution File, Format Version 12.00
# Visual Studio Version 17
VisualStudioVersion = 17.7.34031.279
MinimumVisualStudioVersion = 10.0.40219.1
Project("{FAE04EC0-301F-11D3-BF4B-00C04F79EFBC}") = "WPF4", "WPF4\WPF4.csproj", "{A71CA960-7E96-4C8B-A97A-5F3CF240C038}"
EndProject
Project("{FAE04EC0-301F-11D3-BF4B-00C04F79EFBC}") = "WPF4_1", "WPF4_1\WPF4_1.csproj", "{8B97817F-8BE1-4993-A725-89E2873E5BD0}"
EndProject
Project("{FAE04EC0-301F-11D3-BF4B-00C04F79EFBC}") = "WPF4_2", "WPF4_2\WPF4_2.csproj", "{9944C746-CB48-4A8C-82A6-C743F55508F5}"
EndProject
Project("{FAE04EC0-301F-11D3-BF4B-00C04F79EFBC}") = "WPF4_3", "WPF4_3\WPF4_3.csproj", "{D5D98F64-4B31-45C4-9AB1-74C4589EC5F4}"
EndProject
Global
	GlobalSection(SolutionConfigurationPlatforms) = preSolution
		Debug|Any CPU = Debug|Any CPU
		Release|Any CPU = Release|Any CPU
	EndGlobalSection
	GlobalSection(ProjectConfigurationPlatforms) = postSolution
		{A71CA960-7E96-4C8B-A97A-5F3CF240C038}.Debug|Any CPU.ActiveCfg = Debug|Any CPU
		{A71CA960-7E96-4C8B-A97A-5F3CF240C038}.Debug|Any CPU.Build.0 = Debug|Any CPU
		{A71CA960-7E96-4C8B-A97A-5F3CF240C038}.Release|Any CPU.ActiveCfg = Release|Any CPU
		{A71CA960-7E96-4C8B-A97A-5F3CF240C038}.Release|Any CPU.Build.0 = Release|Any CPU
		{8B97817F-8BE1-4993-A725-89E2873E5BD0}.Debug|Any CPU.ActiveCfg = Debug|Any CPU
		{8B97817F-8BE1-4993-A725-89E2873E5BD0}.Debug|Any CPU.Build.0 = Debug|Any CPU
		{8B97817F-8BE1-4993-A725-89E2873E5BD0}.Release|Any CPU.ActiveCfg = Release|Any CPU
		{8B97817F-8BE1-4993-A725-89E2873E5BD0}.Release|Any CPU.Build.0 = Release|Any CPU
		{9944C746-CB48-4A8C-82A6-C743F55508F5}.Debug|Any CPU.ActiveCfg = Debug|Any CPU
		{9944C746-CB48-4A8C-82A6-C743F55508F5}.Debug|Any CPU.Build.0 = Debug|Any CPU
		{9944C746-CB48-4A8C-82A6-C743F55508F5}.Release|Any CPU.ActiveCfg = Release|Any CPU
		{9944C746-CB48-4A8C-82A6-C743F55508F5}.Release|Any CPU.Build.0 = Release|Any CPU
		{D5D98F64-4B31-45C4-9AB1-74C4589EC5F4}.Debug|Any CPU.ActiveCfg = Debug|Any CPU
		{D5D98F64-4B31-45C4-9AB1-74C4589EC5F4}.Debug|Any CPU.Build.0 = Debug|Any CPU
		{D5D98F64-4B31-45C4-9AB1-74C4589EC5F4}.Release|Any CPU.ActiveCfg = Release|Any CPU
		{D5D98F64-4B31-45C4-9AB1-74C4589EC5F4}.Release|Any CPU.Build.0 = Release|Any CPU
	EndGlobalSection
	GlobalSection(SolutionProperties) = preSolution
		HideSolutionNode = FALSE
	EndGlobalSection
	GlobalSection(ExtensibilityGlobals) = postSolution
		SolutionGuid = {271A4536-9C54-496E-8885-8A420B15A025}
	EndGlobalSection
EndGlobal
