
Microsoft Visual Studio Solution File, Format Version 12.00
# Visual Studio Version 17
VisualStudioVersion = 17.7.34031.279
MinimumVisualStudioVersion = 10.0.40219.1
Project("{FAE04EC0-301F-11D3-BF4B-00C04F79EFBC}") = "WPFDAY5", "WPFDAY5\WPFDAY5.csproj", "{7E959298-79F7-42A4-99F0-05D7D1646BF9}"
EndProject
Project("{FAE04EC0-301F-11D3-BF4B-00C04F79EFBC}") = "WPF5_DAY1", "WPF5_DAY1\WPF5_DAY1.csproj", "{80C251DD-3FD7-4762-81A6-31C763D8D762}"
EndProject
Project("{FAE04EC0-301F-11D3-BF4B-00C04F79EFBC}") = "WPF5_DAY2", "WPF5_DAY2\WPF5_DAY2.csproj", "{7574BFBF-AA47-480E-BF28-CC8F1E645D33}"
EndProject
Project("{FAE04EC0-301F-11D3-BF4B-00C04F79EFBC}") = "WPF5_3", "WPF5_3\WPF5_3.csproj", "{12E49440-BED6-490F-8BE7-4D2F95B7A43F}"
EndProject
Project("{FAE04EC0-301F-11D3-BF4B-00C04F79EFBC}") = "WPF5_DAY2_1", "WPF5_DAY2_1\WPF5_DAY2_1.csproj", "{E95F305E-1137-4D9C-9381-8D17FD94B604}"
EndProject
Project("{FAE04EC0-301F-11D3-BF4B-00C04F79EFBC}") = "WPF5_4", "WPF5_4\WPF5_4.csproj", "{41B7F820-10FB-4219-8013-69344CDBE046}"
EndProject
Project("{FAE04EC0-301F-11D3-BF4B-00C04F79EFBC}") = "WPF5_DAY5", "WPF5_DAY5\WPF5_DAY5.csproj", "{020210C5-7A62-4CF4-864C-94AD6006E3ED}"
EndProject
Project("{FAE04EC0-301F-11D3-BF4B-00C04F79EFBC}") = "WPF5_DAY6", "WPF5_DAY6\WPF5_DAY6.csproj", "{27B4C75E-67BF-4592-8FF0-2C2E9AB125F9}"
EndProject
Project("{FAE04EC0-301F-11D3-BF4B-00C04F79EFBC}") = "WPF5_DAY7", "WPF5_DAY7\WPF5_DAY7.csproj", "{7A067FBD-EE32-4FBC-8486-BF0721E8C9EB}"
EndProject
Project("{FAE04EC0-301F-11D3-BF4B-00C04F79EFBC}") = "WPF5_DAY8", "WPF5_DAY8\WPF5_DAY8.csproj", "{F98D4821-8B04-49E5-8CFA-014F34778F31}"
EndProject
Project("{FAE04EC0-301F-11D3-BF4B-00C04F79EFBC}") = "WPF5_DAY8_1", "WPF5_DAY8_1\WPF5_DAY8_1.csproj", "{3EEEF5E1-47E0-46B4-8A1B-5FC0802C6748}"
EndProject
Global
	GlobalSection(SolutionConfigurationPlatforms) = preSolution
		Debug|Any CPU = Debug|Any CPU
		Release|Any CPU = Release|Any CPU
	EndGlobalSection
	GlobalSection(ProjectConfigurationPlatforms) = postSolution
		{7E959298-79F7-42A4-99F0-05D7D1646BF9}.Debug|Any CPU.ActiveCfg = Debug|Any CPU
		{7E959298-79F7-42A4-99F0-05D7D1646BF9}.Debug|Any CPU.Build.0 = Debug|Any CPU
		{7E959298-79F7-42A4-99F0-05D7D1646BF9}.Release|Any CPU.ActiveCfg = Release|Any CPU
		{7E959298-79F7-42A4-99F0-05D7D1646BF9}.Release|Any CPU.Build.0 = Release|Any CPU
		{80C251DD-3FD7-4762-81A6-31C763D8D762}.Debug|Any CPU.ActiveCfg = Debug|Any CPU
		{80C251DD-3FD7-4762-81A6-31C763D8D762}.Debug|Any CPU.Build.0 = Debug|Any CPU
		{80C251DD-3FD7-4762-81A6-31C763D8D762}.Release|Any CPU.ActiveCfg = Release|Any CPU
		{80C251DD-3FD7-4762-81A6-31C763D8D762}.Release|Any CPU.Build.0 = Release|Any CPU
		{7574BFBF-AA47-480E-BF28-CC8F1E645D33}.Debug|Any CPU.ActiveCfg = Debug|Any CPU
		{7574BFBF-AA47-480E-BF28-CC8F1E645D33}.Debug|Any CPU.Build.0 = Debug|Any CPU
		{7574BFBF-AA47-480E-BF28-CC8F1E645D33}.Release|Any CPU.ActiveCfg = Release|Any CPU
		{7574BFBF-AA47-480E-BF28-CC8F1E645D33}.Release|Any CPU.Build.0 = Release|Any CPU
		{12E49440-BED6-490F-8BE7-4D2F95B7A43F}.Debug|Any CPU.ActiveCfg = Debug|Any CPU
		{12E49440-BED6-490F-8BE7-4D2F95B7A43F}.Debug|Any CPU.Build.0 = Debug|Any CPU
		{12E49440-BED6-490F-8BE7-4D2F95B7A43F}.Release|Any CPU.ActiveCfg = Release|Any CPU
		{12E49440-BED6-490F-8BE7-4D2F95B7A43F}.Release|Any CPU.Build.0 = Release|Any CPU
		{E95F305E-1137-4D9C-9381-8D17FD94B604}.Debug|Any CPU.ActiveCfg = Debug|Any CPU
		{E95F305E-1137-4D9C-9381-8D17FD94B604}.Debug|Any CPU.Build.0 = Debug|Any CPU
		{E95F305E-1137-4D9C-9381-8D17FD94B604}.Release|Any CPU.ActiveCfg = Release|Any CPU
		{E95F305E-1137-4D9C-9381-8D17FD94B604}.Release|Any CPU.Build.0 = Release|Any CPU
		{41B7F820-10FB-4219-8013-69344CDBE046}.Debug|Any CPU.ActiveCfg = Debug|Any CPU
		{41B7F820-10FB-4219-8013-69344CDBE046}.Debug|Any CPU.Build.0 = Debug|Any CPU
		{41B7F820-10FB-4219-8013-69344CDBE046}.Release|Any CPU.ActiveCfg = Release|Any CPU
		{41B7F820-10FB-4219-8013-69344CDBE046}.Release|Any CPU.Build.0 = Release|Any CPU
		{020210C5-7A62-4CF4-864C-94AD6006E3ED}.Debug|Any CPU.ActiveCfg = Debug|Any CPU
		{020210C5-7A62-4CF4-864C-94AD6006E3ED}.Debug|Any CPU.Build.0 = Debug|Any CPU
		{020210C5-7A62-4CF4-864C-94AD6006E3ED}.Release|Any CPU.ActiveCfg = Release|Any CPU
		{020210C5-7A62-4CF4-864C-94AD6006E3ED}.Release|Any CPU.Build.0 = Release|Any CPU
		{27B4C75E-67BF-4592-8FF0-2C2E9AB125F9}.Debug|Any CPU.ActiveCfg = Debug|Any CPU
		{27B4C75E-67BF-4592-8FF0-2C2E9AB125F9}.Debug|Any CPU.Build.0 = Debug|Any CPU
		{27B4C75E-67BF-4592-8FF0-2C2E9AB125F9}.Release|Any CPU.ActiveCfg = Release|Any CPU
		{27B4C75E-67BF-4592-8FF0-2C2E9AB125F9}.Release|Any CPU.Build.0 = Release|Any CPU
		{7A067FBD-EE32-4FBC-8486-BF0721E8C9EB}.Debug|Any CPU.ActiveCfg = Debug|Any CPU
		{7A067FBD-EE32-4FBC-8486-BF0721E8C9EB}.Debug|Any CPU.Build.0 = Debug|Any CPU
		{7A067FBD-EE32-4FBC-8486-BF0721E8C9EB}.Release|Any CPU.ActiveCfg = Release|Any CPU
		{7A067FBD-EE32-4FBC-8486-BF0721E8C9EB}.Release|Any CPU.Build.0 = Release|Any CPU
		{F98D4821-8B04-49E5-8CFA-014F34778F31}.Debug|Any CPU.ActiveCfg = Debug|Any CPU
		{F98D4821-8B04-49E5-8CFA-014F34778F31}.Debug|Any CPU.Build.0 = Debug|Any CPU
		{F98D4821-8B04-49E5-8CFA-014F34778F31}.Release|Any CPU.ActiveCfg = Release|Any CPU
		{F98D4821-8B04-49E5-8CFA-014F34778F31}.Release|Any CPU.Build.0 = Release|Any CPU
		{3EEEF5E1-47E0-46B4-8A1B-5FC0802C6748}.Debug|Any CPU.ActiveCfg = Debug|Any CPU
		{3EEEF5E1-47E0-46B4-8A1B-5FC0802C6748}.Debug|Any CPU.Build.0 = Debug|Any CPU
		{3EEEF5E1-47E0-46B4-8A1B-5FC0802C6748}.Release|Any CPU.ActiveCfg = Release|Any CPU
		{3EEEF5E1-47E0-46B4-8A1B-5FC0802C6748}.Release|Any CPU.Build.0 = Release|Any CPU
	EndGlobalSection
	GlobalSection(SolutionProperties) = preSolution
		HideSolutionNode = FALSE
	EndGlobalSection
	GlobalSection(ExtensibilityGlobals) = postSolution
		SolutionGuid = {E0FE5295-B286-4FA8-8E4F-7E66C5FF5AC6}
	EndGlobalSection
EndGlobal
