
Microsoft Visual Studio Solution File, Format Version 12.00
# Visual Studio Version 17
VisualStudioVersion = 17.7.34031.279
MinimumVisualStudioVersion = 10.0.40219.1
Project("{FAE04EC0-301F-11D3-BF4B-00C04F79EFBC}") = "wpf_db", "wpf_db\wpf_db.csproj", "{1A7A3798-991F-4E8F-9865-69950B721835}"
EndProject
Global
	GlobalSection(SolutionConfigurationPlatforms) = preSolution
		Debug|Any CPU = Debug|Any CPU
		Debug|ARM = Debug|ARM
		Debug|ARM64 = Debug|ARM64
		Debug|x64 = Debug|x64
		Debug|x86 = Debug|x86
		Release|Any CPU = Release|Any CPU
		Release|ARM = Release|ARM
		Release|ARM64 = Release|ARM64
		Release|x64 = Release|x64
		Release|x86 = Release|x86
	EndGlobalSection
	GlobalSection(ProjectConfigurationPlatforms) = postSolution
		{1A7A3798-991F-4E8F-9865-69950B721835}.Debug|Any CPU.ActiveCfg = Debug|x64
		{1A7A3798-991F-4E8F-9865-69950B721835}.Debug|Any CPU.Build.0 = Debug|x64
		{1A7A3798-991F-4E8F-9865-69950B721835}.Debug|ARM.ActiveCfg = Debug|Any CPU
		{1A7A3798-991F-4E8F-9865-69950B721835}.Debug|ARM.Build.0 = Debug|Any CPU
		{1A7A3798-991F-4E8F-9865-69950B721835}.Debug|ARM64.ActiveCfg = Debug|Any CPU
		{1A7A3798-991F-4E8F-9865-69950B721835}.Debug|ARM64.Build.0 = Debug|Any CPU
		{1A7A3798-991F-4E8F-9865-69950B721835}.Debug|x64.ActiveCfg = Debug|Any CPU
		{1A7A3798-991F-4E8F-9865-69950B721835}.Debug|x64.Build.0 = Debug|Any CPU
		{1A7A3798-991F-4E8F-9865-69950B721835}.Debug|x86.ActiveCfg = Debug|Any CPU
		{1A7A3798-991F-4E8F-9865-69950B721835}.Debug|x86.Build.0 = Debug|Any CPU
		{1A7A3798-991F-4E8F-9865-69950B721835}.Release|Any CPU.ActiveCfg = Release|Any CPU
		{1A7A3798-991F-4E8F-9865-69950B721835}.Release|Any CPU.Build.0 = Release|Any CPU
		{1A7A3798-991F-4E8F-9865-69950B721835}.Release|ARM.ActiveCfg = Release|Any CPU
		{1A7A3798-991F-4E8F-9865-69950B721835}.Release|ARM.Build.0 = Release|Any CPU
		{1A7A3798-991F-4E8F-9865-69950B721835}.Release|ARM64.ActiveCfg = Release|Any CPU
		{1A7A3798-991F-4E8F-9865-69950B721835}.Release|ARM64.Build.0 = Release|Any CPU
		{1A7A3798-991F-4E8F-9865-69950B721835}.Release|x64.ActiveCfg = Release|Any CPU
		{1A7A3798-991F-4E8F-9865-69950B721835}.Release|x64.Build.0 = Release|Any CPU
		{1A7A3798-991F-4E8F-9865-69950B721835}.Release|x86.ActiveCfg = Release|Any CPU
		{1A7A3798-991F-4E8F-9865-69950B721835}.Release|x86.Build.0 = Release|Any CPU
	EndGlobalSection
	GlobalSection(SolutionProperties) = preSolution
		HideSolutionNode = FALSE
	EndGlobalSection
	GlobalSection(ExtensibilityGlobals) = postSolution
		SolutionGuid = {1E8DF6D5-4B16-4C04-AC64-191710760294}
	EndGlobalSection
EndGlobal
