
Microsoft Visual Studio Solution File, Format Version 12.00
# Visual Studio Version 17
VisualStudioVersion = 17.7.34031.279
MinimumVisualStudioVersion = 10.0.40219.1
Project("{FAE04EC0-301F-11D3-BF4B-00C04F79EFBC}") = "WPFDAY3", "WPFDAY3\WPFDAY3.csproj", "{DBAA58FE-1E1B-48C3-B684-649C9232D821}"
EndProject
Project("{FAE04EC0-301F-11D3-BF4B-00C04F79EFBC}") = "WPF3_1", "WPF3_1\WPF3_1.csproj", "{7A4EBCD9-58C2-4DD5-BE91-597BBCF6DDDA}"
EndProject
Project("{FAE04EC0-301F-11D3-BF4B-00C04F79EFBC}") = "WPF3_2", "WPF3_2\WPF3_2.csproj", "{E038526C-68A9-4C6D-A75B-F0ACBC0D638A}"
EndProject
Project("{FAE04EC0-301F-11D3-BF4B-00C04F79EFBC}") = "WPFDAY3_3", "WPFDAY3_3\WPFDAY3_3.csproj", "{C5CE3C42-452C-4BE0-B908-B29121586C89}"
EndProject
Project("{FAE04EC0-301F-11D3-BF4B-00C04F79EFBC}") = "WPFDAY3_4", "WPFDAY3_4\WPFDAY3_4.csproj", "{4A77D99F-8A8B-4900-9E9C-12712836DEEA}"
EndProject
Global
	GlobalSection(SolutionConfigurationPlatforms) = preSolution
		Debug|Any CPU = Debug|Any CPU
		Release|Any CPU = Release|Any CPU
	EndGlobalSection
	GlobalSection(ProjectConfigurationPlatforms) = postSolution
		{DBAA58FE-1E1B-48C3-B684-649C9232D821}.Debug|Any CPU.ActiveCfg = Debug|Any CPU
		{DBAA58FE-1E1B-48C3-B684-649C9232D821}.Debug|Any CPU.Build.0 = Debug|Any CPU
		{DBAA58FE-1E1B-48C3-B684-649C9232D821}.Release|Any CPU.ActiveCfg = Release|Any CPU
		{DBAA58FE-1E1B-48C3-B684-649C9232D821}.Release|Any CPU.Build.0 = Release|Any CPU
		{7A4EBCD9-58C2-4DD5-BE91-597BBCF6DDDA}.Debug|Any CPU.ActiveCfg = Debug|Any CPU
		{7A4EBCD9-58C2-4DD5-BE91-597BBCF6DDDA}.Debug|Any CPU.Build.0 = Debug|Any CPU
		{7A4EBCD9-58C2-4DD5-BE91-597BBCF6DDDA}.Release|Any CPU.ActiveCfg = Release|Any CPU
		{7A4EBCD9-58C2-4DD5-BE91-597BBCF6DDDA}.Release|Any CPU.Build.0 = Release|Any CPU
		{E038526C-68A9-4C6D-A75B-F0ACBC0D638A}.Debug|Any CPU.ActiveCfg = Debug|Any CPU
		{E038526C-68A9-4C6D-A75B-F0ACBC0D638A}.Debug|Any CPU.Build.0 = Debug|Any CPU
		{E038526C-68A9-4C6D-A75B-F0ACBC0D638A}.Release|Any CPU.ActiveCfg = Release|Any CPU
		{E038526C-68A9-4C6D-A75B-F0ACBC0D638A}.Release|Any CPU.Build.0 = Release|Any CPU
		{C5CE3C42-452C-4BE0-B908-B29121586C89}.Debug|Any CPU.ActiveCfg = Debug|Any CPU
		{C5CE3C42-452C-4BE0-B908-B29121586C89}.Debug|Any CPU.Build.0 = Debug|Any CPU
		{C5CE3C42-452C-4BE0-B908-B29121586C89}.Release|Any CPU.ActiveCfg = Release|Any CPU
		{C5CE3C42-452C-4BE0-B908-B29121586C89}.Release|Any CPU.Build.0 = Release|Any CPU
		{4A77D99F-8A8B-4900-9E9C-12712836DEEA}.Debug|Any CPU.ActiveCfg = Debug|Any CPU
		{4A77D99F-8A8B-4900-9E9C-12712836DEEA}.Debug|Any CPU.Build.0 = Debug|Any CPU
		{4A77D99F-8A8B-4900-9E9C-12712836DEEA}.Release|Any CPU.ActiveCfg = Release|Any CPU
		{4A77D99F-8A8B-4900-9E9C-12712836DEEA}.Release|Any CPU.Build.0 = Release|Any CPU
	EndGlobalSection
	GlobalSection(SolutionProperties) = preSolution
		HideSolutionNode = FALSE
	EndGlobalSection
	GlobalSection(ExtensibilityGlobals) = postSolution
		SolutionGuid = {24E69C31-F144-4B30-A7EE-BD315513554E}
	EndGlobalSection
EndGlobal
