
Microsoft Visual Studio Solution File, Format Version 12.00
# Visual Studio Version 17
VisualStudioVersion = 17.7.34031.279
MinimumVisualStudioVersion = 10.0.40219.1
Project("{FAE04EC0-301F-11D3-BF4B-00C04F79EFBC}") = "WPFDAY1", "WPFDAY1\WPFDAY1.csproj", "{8EC95574-2B9C-43F5-8BBA-8083F68D5783}"
EndProject
Project("{FAE04EC0-301F-11D3-BF4B-00C04F79EFBC}") = "EX1", "EX1\EX1.csproj", "{F8544F46-2534-4767-921D-71A1BA337F2D}"
EndProject
Project("{FAE04EC0-301F-11D3-BF4B-00C04F79EFBC}") = "EX2", "EX2\EX2.csproj", "{775C8C00-E7BA-4D76-BB7F-7797F9811AC1}"
EndProject
Project("{FAE04EC0-301F-11D3-BF4B-00C04F79EFBC}") = "EX3", "EX3\EX3.csproj", "{43042145-3B87-466C-B99A-DF1DD63D99EC}"
EndProject
Project("{FAE04EC0-301F-11D3-BF4B-00C04F79EFBC}") = "EX4", "EX4\EX4.csproj", "{185B27F3-60E5-4DE6-91AD-8748B99E34CD}"
EndProject
Project("{FAE04EC0-301F-11D3-BF4B-00C04F79EFBC}") = "EX5", "EX5\EX5.csproj", "{1EED4904-39F0-4A86-B75D-A882BAAB6332}"
EndProject
Project("{FAE04EC0-301F-11D3-BF4B-00C04F79EFBC}") = "EX6", "EX6\EX6.csproj", "{FAD4836B-E7DD-47EC-965E-1371EE896948}"
EndProject
Project("{FAE04EC0-301F-11D3-BF4B-00C04F79EFBC}") = "EX7", "EX7\EX7.csproj", "{F240BCA6-C758-4043-B9A6-73B0B21DAC91}"
EndProject
Project("{FAE04EC0-301F-11D3-BF4B-00C04F79EFBC}") = "EX8", "EX8\EX8.csproj", "{D1D05960-CA09-467F-9AEB-85FDBF089FB3}"
EndProject
Project("{FAE04EC0-301F-11D3-BF4B-00C04F79EFBC}") = "EX10", "EX10\EX10.csproj", "{BA61C601-159F-44DF-9E33-9676182D2E59}"
EndProject
Project("{FAE04EC0-301F-11D3-BF4B-00C04F79EFBC}") = "EX11", "EX11\EX11.csproj", "{9CC9F29D-0A66-4298-B8CC-9607781EA4AD}"
EndProject
Global
	GlobalSection(SolutionConfigurationPlatforms) = preSolution
		Debug|Any CPU = Debug|Any CPU
		Release|Any CPU = Release|Any CPU
	EndGlobalSection
	GlobalSection(ProjectConfigurationPlatforms) = postSolution
		{8EC95574-2B9C-43F5-8BBA-8083F68D5783}.Debug|Any CPU.ActiveCfg = Debug|Any CPU
		{8EC95574-2B9C-43F5-8BBA-8083F68D5783}.Debug|Any CPU.Build.0 = Debug|Any CPU
		{8EC95574-2B9C-43F5-8BBA-8083F68D5783}.Release|Any CPU.ActiveCfg = Release|Any CPU
		{8EC95574-2B9C-43F5-8BBA-8083F68D5783}.Release|Any CPU.Build.0 = Release|Any CPU
		{F8544F46-2534-4767-921D-71A1BA337F2D}.Debug|Any CPU.ActiveCfg = Debug|Any CPU
		{F8544F46-2534-4767-921D-71A1BA337F2D}.Debug|Any CPU.Build.0 = Debug|Any CPU
		{F8544F46-2534-4767-921D-71A1BA337F2D}.Release|Any CPU.ActiveCfg = Release|Any CPU
		{F8544F46-2534-4767-921D-71A1BA337F2D}.Release|Any CPU.Build.0 = Release|Any CPU
		{775C8C00-E7BA-4D76-BB7F-7797F9811AC1}.Debug|Any CPU.ActiveCfg = Debug|Any CPU
		{775C8C00-E7BA-4D76-BB7F-7797F9811AC1}.Debug|Any CPU.Build.0 = Debug|Any CPU
		{775C8C00-E7BA-4D76-BB7F-7797F9811AC1}.Release|Any CPU.ActiveCfg = Release|Any CPU
		{775C8C00-E7BA-4D76-BB7F-7797F9811AC1}.Release|Any CPU.Build.0 = Release|Any CPU
		{43042145-3B87-466C-B99A-DF1DD63D99EC}.Debug|Any CPU.ActiveCfg = Debug|Any CPU
		{43042145-3B87-466C-B99A-DF1DD63D99EC}.Debug|Any CPU.Build.0 = Debug|Any CPU
		{43042145-3B87-466C-B99A-DF1DD63D99EC}.Release|Any CPU.ActiveCfg = Release|Any CPU
		{43042145-3B87-466C-B99A-DF1DD63D99EC}.Release|Any CPU.Build.0 = Release|Any CPU
		{185B27F3-60E5-4DE6-91AD-8748B99E34CD}.Debug|Any CPU.ActiveCfg = Debug|Any CPU
		{185B27F3-60E5-4DE6-91AD-8748B99E34CD}.Debug|Any CPU.Build.0 = Debug|Any CPU
		{185B27F3-60E5-4DE6-91AD-8748B99E34CD}.Release|Any CPU.ActiveCfg = Release|Any CPU
		{185B27F3-60E5-4DE6-91AD-8748B99E34CD}.Release|Any CPU.Build.0 = Release|Any CPU
		{1EED4904-39F0-4A86-B75D-A882BAAB6332}.Debug|Any CPU.ActiveCfg = Debug|Any CPU
		{1EED4904-39F0-4A86-B75D-A882BAAB6332}.Debug|Any CPU.Build.0 = Debug|Any CPU
		{1EED4904-39F0-4A86-B75D-A882BAAB6332}.Release|Any CPU.ActiveCfg = Release|Any CPU
		{1EED4904-39F0-4A86-B75D-A882BAAB6332}.Release|Any CPU.Build.0 = Release|Any CPU
		{FAD4836B-E7DD-47EC-965E-1371EE896948}.Debug|Any CPU.ActiveCfg = Debug|Any CPU
		{FAD4836B-E7DD-47EC-965E-1371EE896948}.Debug|Any CPU.Build.0 = Debug|Any CPU
		{FAD4836B-E7DD-47EC-965E-1371EE896948}.Release|Any CPU.ActiveCfg = Release|Any CPU
		{FAD4836B-E7DD-47EC-965E-1371EE896948}.Release|Any CPU.Build.0 = Release|Any CPU
		{F240BCA6-C758-4043-B9A6-73B0B21DAC91}.Debug|Any CPU.ActiveCfg = Debug|Any CPU
		{F240BCA6-C758-4043-B9A6-73B0B21DAC91}.Debug|Any CPU.Build.0 = Debug|Any CPU
		{F240BCA6-C758-4043-B9A6-73B0B21DAC91}.Release|Any CPU.ActiveCfg = Release|Any CPU
		{F240BCA6-C758-4043-B9A6-73B0B21DAC91}.Release|Any CPU.Build.0 = Release|Any CPU
		{D1D05960-CA09-467F-9AEB-85FDBF089FB3}.Debug|Any CPU.ActiveCfg = Debug|Any CPU
		{D1D05960-CA09-467F-9AEB-85FDBF089FB3}.Debug|Any CPU.Build.0 = Debug|Any CPU
		{D1D05960-CA09-467F-9AEB-85FDBF089FB3}.Release|Any CPU.ActiveCfg = Release|Any CPU
		{D1D05960-CA09-467F-9AEB-85FDBF089FB3}.Release|Any CPU.Build.0 = Release|Any CPU
		{BA61C601-159F-44DF-9E33-9676182D2E59}.Debug|Any CPU.ActiveCfg = Debug|Any CPU
		{BA61C601-159F-44DF-9E33-9676182D2E59}.Debug|Any CPU.Build.0 = Debug|Any CPU
		{BA61C601-159F-44DF-9E33-9676182D2E59}.Release|Any CPU.ActiveCfg = Release|Any CPU
		{BA61C601-159F-44DF-9E33-9676182D2E59}.Release|Any CPU.Build.0 = Release|Any CPU
		{9CC9F29D-0A66-4298-B8CC-9607781EA4AD}.Debug|Any CPU.ActiveCfg = Debug|Any CPU
		{9CC9F29D-0A66-4298-B8CC-9607781EA4AD}.Debug|Any CPU.Build.0 = Debug|Any CPU
		{9CC9F29D-0A66-4298-B8CC-9607781EA4AD}.Release|Any CPU.ActiveCfg = Release|Any CPU
		{9CC9F29D-0A66-4298-B8CC-9607781EA4AD}.Release|Any CPU.Build.0 = Release|Any CPU
	EndGlobalSection
	GlobalSection(SolutionProperties) = preSolution
		HideSolutionNode = FALSE
	EndGlobalSection
	GlobalSection(ExtensibilityGlobals) = postSolution
		SolutionGuid = {E0335DAB-714D-448F-916D-3F217F25D697}
	EndGlobalSection
EndGlobal
